
Microsoft Visual Studio Solution File, Format Version 12.00
# Visual Studio Version 16
VisualStudioVersion = 16.0.31911.196
MinimumVisualStudioVersion = 10.0.40219.1
Project("{9A19103F-16F7-4668-BE54-9A1E7A4F7556}") = "app", "app\app.csproj", "{7C4E6F72-DA02-4F84-BD70-6641A6DE797D}"
EndProject
Project("{9A19103F-16F7-4668-BE54-9A1E7A4F7556}") = "business", "business\business.csproj", "{BFF70E9D-10C8-4DFE-923F-72585F193869}"
EndProject
Project("{9A19103F-16F7-4668-BE54-9A1E7A4F7556}") = "data", "data\data.csproj", "{C8F7FE88-76E6-40CF-A8AB-1A9C8DD3C397}"
EndProject
Project("{2150E333-8FDC-42A3-9474-1A3956D46DE8}") = "src", "src", "{2C96FFD9-4D5B-46B3-9ECF-3C45514C348D}"
EndProject
Project("{2150E333-8FDC-42A3-9474-1A3956D46DE8}") = "sql", "sql", "{DF32717E-97C2-456E-A0B0-E1423A8B4B22}"
EndProject
Global
	GlobalSection(SolutionConfigurationPlatforms) = preSolution
		Debug|Any CPU = Debug|Any CPU
		Release|Any CPU = Release|Any CPU
	EndGlobalSection
	GlobalSection(ProjectConfigurationPlatforms) = postSolution
		{7C4E6F72-DA02-4F84-BD70-6641A6DE797D}.Debug|Any CPU.ActiveCfg = Debug|Any CPU
		{7C4E6F72-DA02-4F84-BD70-6641A6DE797D}.Debug|Any CPU.Build.0 = Debug|Any CPU
		{7C4E6F72-DA02-4F84-BD70-6641A6DE797D}.Release|Any CPU.ActiveCfg = Release|Any CPU
		{7C4E6F72-DA02-4F84-BD70-6641A6DE797D}.Release|Any CPU.Build.0 = Release|Any CPU
		{BFF70E9D-10C8-4DFE-923F-72585F193869}.Debug|Any CPU.ActiveCfg = Debug|Any CPU
		{BFF70E9D-10C8-4DFE-923F-72585F193869}.Debug|Any CPU.Build.0 = Debug|Any CPU
		{BFF70E9D-10C8-4DFE-923F-72585F193869}.Release|Any CPU.ActiveCfg = Release|Any CPU
		{BFF70E9D-10C8-4DFE-923F-72585F193869}.Release|Any CPU.Build.0 = Release|Any CPU
		{C8F7FE88-76E6-40CF-A8AB-1A9C8DD3C397}.Debug|Any CPU.ActiveCfg = Debug|Any CPU
		{C8F7FE88-76E6-40CF-A8AB-1A9C8DD3C397}.Debug|Any CPU.Build.0 = Debug|Any CPU
		{C8F7FE88-76E6-40CF-A8AB-1A9C8DD3C397}.Release|Any CPU.ActiveCfg = Release|Any CPU
		{C8F7FE88-76E6-40CF-A8AB-1A9C8DD3C397}.Release|Any CPU.Build.0 = Release|Any CPU
	EndGlobalSection
	GlobalSection(SolutionProperties) = preSolution
		HideSolutionNode = FALSE
	EndGlobalSection
	GlobalSection(NestedProjects) = preSolution
		{7C4E6F72-DA02-4F84-BD70-6641A6DE797D} = {2C96FFD9-4D5B-46B3-9ECF-3C45514C348D}
		{BFF70E9D-10C8-4DFE-923F-72585F193869} = {2C96FFD9-4D5B-46B3-9ECF-3C45514C348D}
		{C8F7FE88-76E6-40CF-A8AB-1A9C8DD3C397} = {2C96FFD9-4D5B-46B3-9ECF-3C45514C348D}
	EndGlobalSection
	GlobalSection(ExtensibilityGlobals) = postSolution
		SolutionGuid = {8EA560DD-7BB4-4B65-B94A-2CA5BDF48D5D}
	EndGlobalSection
EndGlobal
